#
# This file is autogenerated by pip-compile with Python 3.12
# by the following command:
#
#    pip-compile --output-file=/home/iamroot/dev/tccw-aws-agent-platform/prompts/requirements.lock --strip-extras /home/iamroot/dev/tccw-aws-agent-platform/prompts/pyproject.toml
#
annotated-types==0.7.0
    # via pydantic
boto3==1.42.72
    # via prompt-registry (/home/iamroot/dev/tccw-aws-agent-platform/prompts/pyproject.toml)
botocore==1.42.72
    # via
    #   boto3
    #   s3transfer
jmespath==1.1.0
    # via
    #   boto3
    #   botocore
pydantic==2.12.5
    # via prompt-registry (/home/iamroot/dev/tccw-aws-agent-platform/prompts/pyproject.toml)
pydantic-core==2.41.5
    # via pydantic
python-dateutil==2.9.0.post0
    # via botocore
s3transfer==0.16.0
    # via boto3
six==1.17.0
    # via python-dateutil
typing-extensions==4.15.0
    # via
    #   pydantic
    #   pydantic-core
    #   typing-inspection
typing-inspection==0.4.2
    # via pydantic
urllib3==2.6.3
    # via botocore
